// !$*UTF8*$!
{
	archiveVersion = 1;
	classes = {
	};
	objectVersion = 56;
	objects = {

/* Begin PBXBuildFile section */
		350215552C3FC33300D2FC74 /* Placeholder + Enum.swift in Sources */ = {isa = PBXBuildFile; fileRef = 350215542C3FC33300D2FC74 /* Placeholder + Enum.swift */; };
		350215572C3FD1E400D2FC74 /* UserDefaultsManager.swift in Sources */ = {isa = PBXBuildFile; fileRef = 350215562C3FD1E400D2FC74 /* UserDefaultsManager.swift */; };
		3504697A2C3EBFAF00F3FB9A /* AppDelegate.swift in Sources */ = {isa = PBXBuildFile; fileRef = 350469792C3EBFAF00F3FB9A /* AppDelegate.swift */; };
		3504697C2C3EBFAF00F3FB9A /* SceneDelegate.swift in Sources */ = {isa = PBXBuildFile; fileRef = 3504697B2C3EBFAF00F3FB9A /* SceneDelegate.swift */; };
		3504697E2C3EBFAF00F3FB9A /* ViewController.swift in Sources */ = {isa = PBXBuildFile; fileRef = 3504697D2C3EBFAF00F3FB9A /* ViewController.swift */; };
		350469832C3EBFB000F3FB9A /* Assets.xcassets in Resources */ = {isa = PBXBuildFile; fileRef = 350469822C3EBFB000F3FB9A /* Assets.xcassets */; };
		350469862C3EBFB000F3FB9A /* Base in Resources */ = {isa = PBXBuildFile; fileRef = 350469852C3EBFB000F3FB9A /* Base */; };
		3504698F2C3EC0E700F3FB9A /* RealmSwift in Frameworks */ = {isa = PBXBuildFile; productRef = 3504698E2C3EC0E700F3FB9A /* RealmSwift */; };
		350469922C3EC0F400F3FB9A /* Alamofire in Frameworks */ = {isa = PBXBuildFile; productRef = 350469912C3EC0F400F3FB9A /* Alamofire */; };
		350469952C3EC0FE00F3FB9A /* FSCalendar in Frameworks */ = {isa = PBXBuildFile; productRef = 350469942C3EC0FE00F3FB9A /* FSCalendar */; };
		350469982C3EC10500F3FB9A /* Toast in Frameworks */ = {isa = PBXBuildFile; productRef = 350469972C3EC10500F3FB9A /* Toast */; };
		3504699B2C3EC10D00F3FB9A /* SnapKit in Frameworks */ = {isa = PBXBuildFile; productRef = 3504699A2C3EC10D00F3FB9A /* SnapKit */; };
		350469A02C3EC11400F3FB9A /* IQKeyboardManagerSwift in Frameworks */ = {isa = PBXBuildFile; productRef = 3504699F2C3EC11400F3FB9A /* IQKeyboardManagerSwift */; };
		350469A12C3EC16B00F3FB9A /* RealmSwift in Embed Frameworks */ = {isa = PBXBuildFile; productRef = 3504698E2C3EC0E700F3FB9A /* RealmSwift */; settings = {ATTRIBUTES = (CodeSignOnCopy, ); }; };
		350469AF2C3ECE0100F3FB9A /* TapBarController.swift in Sources */ = {isa = PBXBuildFile; fileRef = 350469AE2C3ECE0100F3FB9A /* TapBarController.swift */; };
		350469B12C3ECE7700F3FB9A /* OnboardingVC.swift in Sources */ = {isa = PBXBuildFile; fileRef = 350469B02C3ECE7700F3FB9A /* OnboardingVC.swift */; };
		350469B32C3ECE9700F3FB9A /* ProfileNicknameVC.swift in Sources */ = {isa = PBXBuildFile; fileRef = 350469B22C3ECE9700F3FB9A /* ProfileNicknameVC.swift */; };
		350469B52C3ECEB400F3FB9A /* ProfileImageVC.swift in Sources */ = {isa = PBXBuildFile; fileRef = 350469B42C3ECEB400F3FB9A /* ProfileImageVC.swift */; };
		350469B72C3ECEE300F3FB9A /* ProfileImageCollectionViewCell.swift in Sources */ = {isa = PBXBuildFile; fileRef = 350469B62C3ECEE300F3FB9A /* ProfileImageCollectionViewCell.swift */; };
		350469BB2C3ECF1800F3FB9A /* ProfileNicknameViewModel.swift in Sources */ = {isa = PBXBuildFile; fileRef = 350469BA2C3ECF1800F3FB9A /* ProfileNicknameViewModel.swift */; };
		350469BD2C3ECF2C00F3FB9A /* ProfileImageViewModel.swift in Sources */ = {isa = PBXBuildFile; fileRef = 350469BC2C3ECF2C00F3FB9A /* ProfileImageViewModel.swift */; };
		350469BF2C3ECF8200F3FB9A /* RealmModel.swift in Sources */ = {isa = PBXBuildFile; fileRef = 350469BE2C3ECF8200F3FB9A /* RealmModel.swift */; };
		350469C52C3ED03400F3FB9A /* ShoppingBagRepository.swift in Sources */ = {isa = PBXBuildFile; fileRef = 350469C42C3ED03400F3FB9A /* ShoppingBagRepository.swift */; };
		350469C72C3ED07F00F3FB9A /* .gitignore in Resources */ = {isa = PBXBuildFile; fileRef = 350469C62C3ED07F00F3FB9A /* .gitignore */; };
		350469C92C3ED0A500F3FB9A /* APIKEY.swift in Sources */ = {isa = PBXBuildFile; fileRef = 350469C82C3ED0A500F3FB9A /* APIKEY.swift */; };
		350469CB2C3ED0DF00F3FB9A /* NaverShopping.swift in Sources */ = {isa = PBXBuildFile; fileRef = 350469CA2C3ED0DF00F3FB9A /* NaverShopping.swift */; };
		350469CD2C3ED0EF00F3FB9A /* NaverShoppingManager.swift in Sources */ = {isa = PBXBuildFile; fileRef = 350469CC2C3ED0EF00F3FB9A /* NaverShoppingManager.swift */; };
		350469CF2C3ED1BA00F3FB9A /* NaverShoppingRequest.swift in Sources */ = {isa = PBXBuildFile; fileRef = 350469CE2C3ED1BA00F3FB9A /* NaverShoppingRequest.swift */; };
		350469D12C3ED20300F3FB9A /* NumberFormatterManager.swift in Sources */ = {isa = PBXBuildFile; fileRef = 350469D02C3ED20300F3FB9A /* NumberFormatterManager.swift */; };
		350469D32C3ED2C600F3FB9A /* SearchMainVC.swift in Sources */ = {isa = PBXBuildFile; fileRef = 350469D22C3ED2C600F3FB9A /* SearchMainVC.swift */; };
		350469D52C3ED2D000F3FB9A /* SearchMainViewModel.swift in Sources */ = {isa = PBXBuildFile; fileRef = 350469D42C3ED2D000F3FB9A /* SearchMainViewModel.swift */; };
		350469D72C3ED2E700F3FB9A /* SearchMainTableViewCell.swift in Sources */ = {isa = PBXBuildFile; fileRef = 350469D62C3ED2E700F3FB9A /* SearchMainTableViewCell.swift */; };
		350469D92C3ED30200F3FB9A /* SearchResultVC.swift in Sources */ = {isa = PBXBuildFile; fileRef = 350469D82C3ED30200F3FB9A /* SearchResultVC.swift */; };
		350469DB2C3ED30C00F3FB9A /* SearchResultViewModel.swift in Sources */ = {isa = PBXBuildFile; fileRef = 350469DA2C3ED30C00F3FB9A /* SearchResultViewModel.swift */; };
		350469DD2C3ED32A00F3FB9A /* SearchResultCollectionViewCell.swift in Sources */ = {isa = PBXBuildFile; fileRef = 350469DC2C3ED32A00F3FB9A /* SearchResultCollectionViewCell.swift */; };
		350469DF2C3ED35400F3FB9A /* SearchItemDetailVC.swift in Sources */ = {isa = PBXBuildFile; fileRef = 350469DE2C3ED35400F3FB9A /* SearchItemDetailVC.swift */; };
		350469E12C3ED35F00F3FB9A /* SearchItemDetailViewModel.swift in Sources */ = {isa = PBXBuildFile; fileRef = 350469E02C3ED35F00F3FB9A /* SearchItemDetailViewModel.swift */; };
		350469E32C3ED39400F3FB9A /* ShoppingBagMainVC.swift in Sources */ = {isa = PBXBuildFile; fileRef = 350469E22C3ED39400F3FB9A /* ShoppingBagMainVC.swift */; };
		350469E52C3ED3A200F3FB9A /* ShoppingBagMainViewModel.swift in Sources */ = {isa = PBXBuildFile; fileRef = 350469E42C3ED3A200F3FB9A /* ShoppingBagMainViewModel.swift */; };
		350469E72C3ED3F800F3FB9A /* ShoppingBagMainCollectionViewCell.swift in Sources */ = {isa = PBXBuildFile; fileRef = 350469E62C3ED3F800F3FB9A /* ShoppingBagMainCollectionViewCell.swift */; };
		350469E92C3ED49C00F3FB9A /* ProfileMainVC.swift in Sources */ = {isa = PBXBuildFile; fileRef = 350469E82C3ED49C00F3FB9A /* ProfileMainVC.swift */; };
		350469EB2C3ED4A800F3FB9A /* ProfileMainViewModel.swift in Sources */ = {isa = PBXBuildFile; fileRef = 350469EA2C3ED4A800F3FB9A /* ProfileMainViewModel.swift */; };
		350469ED2C3ED4BF00F3FB9A /* ProfileMainTableViewCell.swift in Sources */ = {isa = PBXBuildFile; fileRef = 350469EC2C3ED4BF00F3FB9A /* ProfileMainTableViewCell.swift */; };
		350469EF2C3ED4E600F3FB9A /* VC + Extension.swift in Sources */ = {isa = PBXBuildFile; fileRef = 350469EE2C3ED4E600F3FB9A /* VC + Extension.swift */; };
		350469F12C3ED4EE00F3FB9A /* String + Extension.swift in Sources */ = {isa = PBXBuildFile; fileRef = 350469F02C3ED4EE00F3FB9A /* String + Extension.swift */; };
		350469F32C3ED4F900F3FB9A /* Button + Extension.swift in Sources */ = {isa = PBXBuildFile; fileRef = 350469F22C3ED4F900F3FB9A /* Button + Extension.swift */; };
		350469F52C3ED54300F3FB9A /* ReuseIdentifierProtocol.swift in Sources */ = {isa = PBXBuildFile; fileRef = 350469F42C3ED54300F3FB9A /* ReuseIdentifierProtocol.swift */; };
		350469F72C3ED59800F3FB9A /* Image + Enum.swift in Sources */ = {isa = PBXBuildFile; fileRef = 350469F62C3ED59800F3FB9A /* Image + Enum.swift */; };
		350469F92C3ED5A500F3FB9A /* Design + Enum.swift in Sources */ = {isa = PBXBuildFile; fileRef = 350469F82C3ED5A500F3FB9A /* Design + Enum.swift */; };
		350469FB2C3ED5E000F3FB9A /* BaseVC.swift in Sources */ = {isa = PBXBuildFile; fileRef = 350469FA2C3ED5E000F3FB9A /* BaseVC.swift */; };
		350469FD2C3ED5FD00F3FB9A /* BaseCollectionViewCell.swift in Sources */ = {isa = PBXBuildFile; fileRef = 350469FC2C3ED5FD00F3FB9A /* BaseCollectionViewCell.swift */; };
		350469FF2C3ED60600F3FB9A /* BaseTableViewCell.swift in Sources */ = {isa = PBXBuildFile; fileRef = 350469FE2C3ED60600F3FB9A /* BaseTableViewCell.swift */; };
		35046A012C3ED63B00F3FB9A /* FileManager + Extension.swift in Sources */ = {isa = PBXBuildFile; fileRef = 35046A002C3ED63B00F3FB9A /* FileManager + Extension.swift */; };
		35046A032C3ED93100F3FB9A /* ProfileImageView.swift in Sources */ = {isa = PBXBuildFile; fileRef = 35046A022C3ED93100F3FB9A /* ProfileImageView.swift */; };
		35046A052C3ED96600F3FB9A /* AppTitleLabel.swift in Sources */ = {isa = PBXBuildFile; fileRef = 35046A042C3ED96600F3FB9A /* AppTitleLabel.swift */; };
		35046A072C3ED9A300F3FB9A /* OnboardingButton.swift in Sources */ = {isa = PBXBuildFile; fileRef = 35046A062C3ED9A300F3FB9A /* OnboardingButton.swift */; };
		35046A092C3ED9B400F3FB9A /* NicknameTextField.swift in Sources */ = {isa = PBXBuildFile; fileRef = 35046A082C3ED9B400F3FB9A /* NicknameTextField.swift */; };
		35046A0B2C3ED9BF00F3FB9A /* LineView.swift in Sources */ = {isa = PBXBuildFile; fileRef = 35046A0A2C3ED9BF00F3FB9A /* LineView.swift */; };
		35046A0D2C3ED9E900F3FB9A /* NicknameStatusLabel.swift in Sources */ = {isa = PBXBuildFile; fileRef = 35046A0C2C3ED9E900F3FB9A /* NicknameStatusLabel.swift */; };
		35046A0F2C3EDA0400F3FB9A /* NavBackBtn.swift in Sources */ = {isa = PBXBuildFile; fileRef = 35046A0E2C3EDA0400F3FB9A /* NavBackBtn.swift */; };
		35046A112C3EDA3C00F3FB9A /* SearchBar.swift in Sources */ = {isa = PBXBuildFile; fileRef = 35046A102C3EDA3C00F3FB9A /* SearchBar.swift */; };
		35046A132C3EDA7B00F3FB9A /* shoppingBagBtn.swift in Sources */ = {isa = PBXBuildFile; fileRef = 35046A122C3EDA7B00F3FB9A /* shoppingBagBtn.swift */; };
		35046A152C3EDDC000F3FB9A /* Observable.swift in Sources */ = {isa = PBXBuildFile; fileRef = 35046A142C3EDDC000F3FB9A /* Observable.swift */; };
		35046A172C3EE13C00F3FB9A /* TextFieldValidation + Enum.swift in Sources */ = {isa = PBXBuildFile; fileRef = 35046A162C3EE13C00F3FB9A /* TextFieldValidation + Enum.swift */; };
		355E318A2C43A0CD00EE503A /* ProfileImageCoordinator.swift in Sources */ = {isa = PBXBuildFile; fileRef = 355E31892C43A0CD00EE503A /* ProfileImageCoordinator.swift */; };
		355E318C2C43A5BE00EE503A /* TabBarCoordinator.swift in Sources */ = {isa = PBXBuildFile; fileRef = 355E318B2C43A5BE00EE503A /* TabBarCoordinator.swift */; };
		355E318E2C43B8C000EE503A /* ProfileNicknameCoordinator.swift in Sources */ = {isa = PBXBuildFile; fileRef = 355E318D2C43B8C000EE503A /* ProfileNicknameCoordinator.swift */; };
/* End PBXBuildFile section */

/* Begin PBXCopyFilesBuildPhase section */
		350469A22C3EC16B00F3FB9A /* Embed Frameworks */ = {
			isa = PBXCopyFilesBuildPhase;
			buildActionMask = 2147483647;
			dstPath = "";
			dstSubfolderSpec = 10;
			files = (
				350469A12C3EC16B00F3FB9A /* RealmSwift in Embed Frameworks */,
			);
			name = "Embed Frameworks";
			runOnlyForDeploymentPostprocessing = 0;
		};
/* End PBXCopyFilesBuildPhase section */

/* Begin PBXFileReference section */
		350215542C3FC33300D2FC74 /* Placeholder + Enum.swift */ = {isa = PBXFileReference; lastKnownFileType = sourcecode.swift; path = "Placeholder + Enum.swift"; sourceTree = "<group>"; };
		350215562C3FD1E400D2FC74 /* UserDefaultsManager.swift */ = {isa = PBXFileReference; lastKnownFileType = sourcecode.swift; path = UserDefaultsManager.swift; sourceTree = "<group>"; };
		350469762C3EBFAF00F3FB9A /* ToBuyApp.app */ = {isa = PBXFileReference; explicitFileType = wrapper.application; includeInIndex = 0; path = ToBuyApp.app; sourceTree = BUILT_PRODUCTS_DIR; };
		350469792C3EBFAF00F3FB9A /* AppDelegate.swift */ = {isa = PBXFileReference; lastKnownFileType = sourcecode.swift; path = AppDelegate.swift; sourceTree = "<group>"; };
		3504697B2C3EBFAF00F3FB9A /* SceneDelegate.swift */ = {isa = PBXFileReference; lastKnownFileType = sourcecode.swift; path = SceneDelegate.swift; sourceTree = "<group>"; };
		3504697D2C3EBFAF00F3FB9A /* ViewController.swift */ = {isa = PBXFileReference; lastKnownFileType = sourcecode.swift; path = ViewController.swift; sourceTree = "<group>"; };
		350469822C3EBFB000F3FB9A /* Assets.xcassets */ = {isa = PBXFileReference; lastKnownFileType = folder.assetcatalog; path = Assets.xcassets; sourceTree = "<group>"; };
		350469852C3EBFB000F3FB9A /* Base */ = {isa = PBXFileReference; lastKnownFileType = file.storyboard; name = Base; path = Base.lproj/LaunchScreen.storyboard; sourceTree = "<group>"; };
		350469872C3EBFB000F3FB9A /* Info.plist */ = {isa = PBXFileReference; lastKnownFileType = text.plist.xml; path = Info.plist; sourceTree = "<group>"; };
		350469AE2C3ECE0100F3FB9A /* TapBarController.swift */ = {isa = PBXFileReference; lastKnownFileType = sourcecode.swift; path = TapBarController.swift; sourceTree = "<group>"; };
		350469B02C3ECE7700F3FB9A /* OnboardingVC.swift */ = {isa = PBXFileReference; lastKnownFileType = sourcecode.swift; path = OnboardingVC.swift; sourceTree = "<group>"; };
		350469B22C3ECE9700F3FB9A /* ProfileNicknameVC.swift */ = {isa = PBXFileReference; lastKnownFileType = sourcecode.swift; path = ProfileNicknameVC.swift; sourceTree = "<group>"; };
		350469B42C3ECEB400F3FB9A /* ProfileImageVC.swift */ = {isa = PBXFileReference; lastKnownFileType = sourcecode.swift; path = ProfileImageVC.swift; sourceTree = "<group>"; };
		350469B62C3ECEE300F3FB9A /* ProfileImageCollectionViewCell.swift */ = {isa = PBXFileReference; lastKnownFileType = sourcecode.swift; path = ProfileImageCollectionViewCell.swift; sourceTree = "<group>"; };
		350469BA2C3ECF1800F3FB9A /* ProfileNicknameViewModel.swift */ = {isa = PBXFileReference; lastKnownFileType = sourcecode.swift; path = ProfileNicknameViewModel.swift; sourceTree = "<group>"; };
		350469BC2C3ECF2C00F3FB9A /* ProfileImageViewModel.swift */ = {isa = PBXFileReference; lastKnownFileType = sourcecode.swift; path = ProfileImageViewModel.swift; sourceTree = "<group>"; };
		350469BE2C3ECF8200F3FB9A /* RealmModel.swift */ = {isa = PBXFileReference; lastKnownFileType = sourcecode.swift; path = RealmModel.swift; sourceTree = "<group>"; };
		350469C42C3ED03400F3FB9A /* ShoppingBagRepository.swift */ = {isa = PBXFileReference; lastKnownFileType = sourcecode.swift; path = ShoppingBagRepository.swift; sourceTree = "<group>"; };
		350469C62C3ED07F00F3FB9A /* .gitignore */ = {isa = PBXFileReference; lastKnownFileType = text; path = .gitignore; sourceTree = "<group>"; };
		350469C82C3ED0A500F3FB9A /* APIKEY.swift */ = {isa = PBXFileReference; lastKnownFileType = sourcecode.swift; path = APIKEY.swift; sourceTree = "<group>"; };
		350469CA2C3ED0DF00F3FB9A /* NaverShopping.swift */ = {isa = PBXFileReference; lastKnownFileType = sourcecode.swift; path = NaverShopping.swift; sourceTree = "<group>"; };
		350469CC2C3ED0EF00F3FB9A /* NaverShoppingManager.swift */ = {isa = PBXFileReference; lastKnownFileType = sourcecode.swift; path = NaverShoppingManager.swift; sourceTree = "<group>"; };
		350469CE2C3ED1BA00F3FB9A /* NaverShoppingRequest.swift */ = {isa = PBXFileReference; lastKnownFileType = sourcecode.swift; path = NaverShoppingRequest.swift; sourceTree = "<group>"; };
		350469D02C3ED20300F3FB9A /* NumberFormatterManager.swift */ = {isa = PBXFileReference; lastKnownFileType = sourcecode.swift; path = NumberFormatterManager.swift; sourceTree = "<group>"; };
		350469D22C3ED2C600F3FB9A /* SearchMainVC.swift */ = {isa = PBXFileReference; lastKnownFileType = sourcecode.swift; path = SearchMainVC.swift; sourceTree = "<group>"; };
		350469D42C3ED2D000F3FB9A /* SearchMainViewModel.swift */ = {isa = PBXFileReference; lastKnownFileType = sourcecode.swift; path = SearchMainViewModel.swift; sourceTree = "<group>"; };
		350469D62C3ED2E700F3FB9A /* SearchMainTableViewCell.swift */ = {isa = PBXFileReference; lastKnownFileType = sourcecode.swift; path = SearchMainTableViewCell.swift; sourceTree = "<group>"; };
		350469D82C3ED30200F3FB9A /* SearchResultVC.swift */ = {isa = PBXFileReference; lastKnownFileType = sourcecode.swift; path = SearchResultVC.swift; sourceTree = "<group>"; };
		350469DA2C3ED30C00F3FB9A /* SearchResultViewModel.swift */ = {isa = PBXFileReference; lastKnownFileType = sourcecode.swift; path = SearchResultViewModel.swift; sourceTree = "<group>"; };
		350469DC2C3ED32A00F3FB9A /* SearchResultCollectionViewCell.swift */ = {isa = PBXFileReference; lastKnownFileType = sourcecode.swift; path = SearchResultCollectionViewCell.swift; sourceTree = "<group>"; };
		350469DE2C3ED35400F3FB9A /* SearchItemDetailVC.swift */ = {isa = PBXFileReference; lastKnownFileType = sourcecode.swift; path = SearchItemDetailVC.swift; sourceTree = "<group>"; };
		350469E02C3ED35F00F3FB9A /* SearchItemDetailViewModel.swift */ = {isa = PBXFileReference; lastKnownFileType = sourcecode.swift; path = SearchItemDetailViewModel.swift; sourceTree = "<group>"; };
		350469E22C3ED39400F3FB9A /* ShoppingBagMainVC.swift */ = {isa = PBXFileReference; lastKnownFileType = sourcecode.swift; path = ShoppingBagMainVC.swift; sourceTree = "<group>"; };
		350469E42C3ED3A200F3FB9A /* ShoppingBagMainViewModel.swift */ = {isa = PBXFileReference; lastKnownFileType = sourcecode.swift; path = ShoppingBagMainViewModel.swift; sourceTree = "<group>"; };
		350469E62C3ED3F800F3FB9A /* ShoppingBagMainCollectionViewCell.swift */ = {isa = PBXFileReference; lastKnownFileType = sourcecode.swift; path = ShoppingBagMainCollectionViewCell.swift; sourceTree = "<group>"; };
		350469E82C3ED49C00F3FB9A /* ProfileMainVC.swift */ = {isa = PBXFileReference; lastKnownFileType = sourcecode.swift; path = ProfileMainVC.swift; sourceTree = "<group>"; };
		350469EA2C3ED4A800F3FB9A /* ProfileMainViewModel.swift */ = {isa = PBXFileReference; lastKnownFileType = sourcecode.swift; path = ProfileMainViewModel.swift; sourceTree = "<group>"; };
		350469EC2C3ED4BF00F3FB9A /* ProfileMainTableViewCell.swift */ = {isa = PBXFileReference; lastKnownFileType = sourcecode.swift; path = ProfileMainTableViewCell.swift; sourceTree = "<group>"; };
		350469EE2C3ED4E600F3FB9A /* VC + Extension.swift */ = {isa = PBXFileReference; lastKnownFileType = sourcecode.swift; path = "VC + Extension.swift"; sourceTree = "<group>"; };
		350469F02C3ED4EE00F3FB9A /* String + Extension.swift */ = {isa = PBXFileReference; lastKnownFileType = sourcecode.swift; path = "String + Extension.swift"; sourceTree = "<group>"; };
		350469F22C3ED4F900F3FB9A /* Button + Extension.swift */ = {isa = PBXFileReference; lastKnownFileType = sourcecode.swift; path = "Button + Extension.swift"; sourceTree = "<group>"; };
		350469F42C3ED54300F3FB9A /* ReuseIdentifierProtocol.swift */ = {isa = PBXFileReference; lastKnownFileType = sourcecode.swift; path = ReuseIdentifierProtocol.swift; sourceTree = "<group>"; };
		350469F62C3ED59800F3FB9A /* Image + Enum.swift */ = {isa = PBXFileReference; lastKnownFileType = sourcecode.swift; path = "Image + Enum.swift"; sourceTree = "<group>"; };
		350469F82C3ED5A500F3FB9A /* Design + Enum.swift */ = {isa = PBXFileReference; lastKnownFileType = sourcecode.swift; path = "Design + Enum.swift"; sourceTree = "<group>"; };
		350469FA2C3ED5E000F3FB9A /* BaseVC.swift */ = {isa = PBXFileReference; lastKnownFileType = sourcecode.swift; path = BaseVC.swift; sourceTree = "<group>"; };
		350469FC2C3ED5FD00F3FB9A /* BaseCollectionViewCell.swift */ = {isa = PBXFileReference; lastKnownFileType = sourcecode.swift; path = BaseCollectionViewCell.swift; sourceTree = "<group>"; };
		350469FE2C3ED60600F3FB9A /* BaseTableViewCell.swift */ = {isa = PBXFileReference; lastKnownFileType = sourcecode.swift; path = BaseTableViewCell.swift; sourceTree = "<group>"; };
		35046A002C3ED63B00F3FB9A /* FileManager + Extension.swift */ = {isa = PBXFileReference; lastKnownFileType = sourcecode.swift; path = "FileManager + Extension.swift"; sourceTree = "<group>"; };
		35046A022C3ED93100F3FB9A /* ProfileImageView.swift */ = {isa = PBXFileReference; lastKnownFileType = sourcecode.swift; path = ProfileImageView.swift; sourceTree = "<group>"; };
		35046A042C3ED96600F3FB9A /* AppTitleLabel.swift */ = {isa = PBXFileReference; lastKnownFileType = sourcecode.swift; path = AppTitleLabel.swift; sourceTree = "<group>"; };
		35046A062C3ED9A300F3FB9A /* OnboardingButton.swift */ = {isa = PBXFileReference; lastKnownFileType = sourcecode.swift; path = OnboardingButton.swift; sourceTree = "<group>"; };
		35046A082C3ED9B400F3FB9A /* NicknameTextField.swift */ = {isa = PBXFileReference; lastKnownFileType = sourcecode.swift; path = NicknameTextField.swift; sourceTree = "<group>"; };
		35046A0A2C3ED9BF00F3FB9A /* LineView.swift */ = {isa = PBXFileReference; lastKnownFileType = sourcecode.swift; path = LineView.swift; sourceTree = "<group>"; };
		35046A0C2C3ED9E900F3FB9A /* NicknameStatusLabel.swift */ = {isa = PBXFileReference; lastKnownFileType = sourcecode.swift; path = NicknameStatusLabel.swift; sourceTree = "<group>"; };
		35046A0E2C3EDA0400F3FB9A /* NavBackBtn.swift */ = {isa = PBXFileReference; lastKnownFileType = sourcecode.swift; path = NavBackBtn.swift; sourceTree = "<group>"; };
		35046A102C3EDA3C00F3FB9A /* SearchBar.swift */ = {isa = PBXFileReference; lastKnownFileType = sourcecode.swift; path = SearchBar.swift; sourceTree = "<group>"; };
		35046A122C3EDA7B00F3FB9A /* shoppingBagBtn.swift */ = {isa = PBXFileReference; lastKnownFileType = sourcecode.swift; path = shoppingBagBtn.swift; sourceTree = "<group>"; };
		35046A142C3EDDC000F3FB9A /* Observable.swift */ = {isa = PBXFileReference; lastKnownFileType = sourcecode.swift; path = Observable.swift; sourceTree = "<group>"; };
		35046A162C3EE13C00F3FB9A /* TextFieldValidation + Enum.swift */ = {isa = PBXFileReference; lastKnownFileType = sourcecode.swift; path = "TextFieldValidation + Enum.swift"; sourceTree = "<group>"; };
		355E31892C43A0CD00EE503A /* ProfileImageCoordinator.swift */ = {isa = PBXFileReference; lastKnownFileType = sourcecode.swift; path = ProfileImageCoordinator.swift; sourceTree = "<group>"; };
		355E318B2C43A5BE00EE503A /* TabBarCoordinator.swift */ = {isa = PBXFileReference; lastKnownFileType = sourcecode.swift; path = TabBarCoordinator.swift; sourceTree = "<group>"; };
		355E318D2C43B8C000EE503A /* ProfileNicknameCoordinator.swift */ = {isa = PBXFileReference; lastKnownFileType = sourcecode.swift; path = ProfileNicknameCoordinator.swift; sourceTree = "<group>"; };
/* End PBXFileReference section */

/* Begin PBXFrameworksBuildPhase section */
		350469732C3EBFAF00F3FB9A /* Frameworks */ = {
			isa = PBXFrameworksBuildPhase;
			buildActionMask = 2147483647;
			files = (
				350469A02C3EC11400F3FB9A /* IQKeyboardManagerSwift in Frameworks */,
				350469982C3EC10500F3FB9A /* Toast in Frameworks */,
				3504698F2C3EC0E700F3FB9A /* RealmSwift in Frameworks */,
				350469952C3EC0FE00F3FB9A /* FSCalendar in Frameworks */,
				350469922C3EC0F400F3FB9A /* Alamofire in Frameworks */,
				3504699B2C3EC10D00F3FB9A /* SnapKit in Frameworks */,
			);
			runOnlyForDeploymentPostprocessing = 0;
		};
/* End PBXFrameworksBuildPhase section */

/* Begin PBXGroup section */
		3504696D2C3EBFAF00F3FB9A = {
			isa = PBXGroup;
			children = (
				350469C62C3ED07F00F3FB9A /* .gitignore */,
				350469782C3EBFAF00F3FB9A /* ToBuyApp */,
				350469772C3EBFAF00F3FB9A /* Products */,
			);
			sourceTree = "<group>";
		};
		350469772C3EBFAF00F3FB9A /* Products */ = {
			isa = PBXGroup;
			children = (
				350469762C3EBFAF00F3FB9A /* ToBuyApp.app */,
			);
			name = Products;
			sourceTree = "<group>";
		};
		350469782C3EBFAF00F3FB9A /* ToBuyApp */ = {
			isa = PBXGroup;
			children = (
				350469AE2C3ECE0100F3FB9A /* TapBarController.swift */,
				350215562C3FD1E400D2FC74 /* UserDefaultsManager.swift */,
				350469D02C3ED20300F3FB9A /* NumberFormatterManager.swift */,
				35046A142C3EDDC000F3FB9A /* Observable.swift */,
				350469AC2C3ECD4100F3FB9A /* Profile */,
				350469AB2C3ECD3600F3FB9A /* Search */,
				350469AA2C3ECD0300F3FB9A /* ShoppingBag */,
				350469A92C3EC24800F3FB9A /* Extension */,
				350469A82C3EC23F00F3FB9A /* Protocol */,
				350469A72C3EC23600F3FB9A /* CustomView */,
				350469A62C3EC21D00F3FB9A /* Network */,
				350469A52C3EC1C000F3FB9A /* Enum */,
				350469A42C3EC1B900F3FB9A /* Base */,
				350469A32C3EC1AB00F3FB9A /* DataBase */,
				350469792C3EBFAF00F3FB9A /* AppDelegate.swift */,
				3504697B2C3EBFAF00F3FB9A /* SceneDelegate.swift */,
				3504697D2C3EBFAF00F3FB9A /* ViewController.swift */,
				350469822C3EBFB000F3FB9A /* Assets.xcassets */,
				350469842C3EBFB000F3FB9A /* LaunchScreen.storyboard */,
				350469872C3EBFB000F3FB9A /* Info.plist */,
			);
			path = ToBuyApp;
			sourceTree = "<group>";
		};
		350469A32C3EC1AB00F3FB9A /* DataBase */ = {
			isa = PBXGroup;
			children = (
				350469BE2C3ECF8200F3FB9A /* RealmModel.swift */,
				350469C42C3ED03400F3FB9A /* ShoppingBagRepository.swift */,
			);
			path = DataBase;
			sourceTree = "<group>";
		};
		350469A42C3EC1B900F3FB9A /* Base */ = {
			isa = PBXGroup;
			children = (
				350469FA2C3ED5E000F3FB9A /* BaseVC.swift */,
				350469FC2C3ED5FD00F3FB9A /* BaseCollectionViewCell.swift */,
				350469FE2C3ED60600F3FB9A /* BaseTableViewCell.swift */,
			);
			path = Base;
			sourceTree = "<group>";
		};
		350469A52C3EC1C000F3FB9A /* Enum */ = {
			isa = PBXGroup;
			children = (
				350469F62C3ED59800F3FB9A /* Image + Enum.swift */,
				350469F82C3ED5A500F3FB9A /* Design + Enum.swift */,
				35046A162C3EE13C00F3FB9A /* TextFieldValidation + Enum.swift */,
				350215542C3FC33300D2FC74 /* Placeholder + Enum.swift */,
			);
			path = Enum;
			sourceTree = "<group>";
		};
		350469A62C3EC21D00F3FB9A /* Network */ = {
			isa = PBXGroup;
			children = (
				350469C82C3ED0A500F3FB9A /* APIKEY.swift */,
				350469CA2C3ED0DF00F3FB9A /* NaverShopping.swift */,
				350469CC2C3ED0EF00F3FB9A /* NaverShoppingManager.swift */,
				350469CE2C3ED1BA00F3FB9A /* NaverShoppingRequest.swift */,
			);
			path = Network;
			sourceTree = "<group>";
		};
		350469A72C3EC23600F3FB9A /* CustomView */ = {
			isa = PBXGroup;
			children = (
				35046A022C3ED93100F3FB9A /* ProfileImageView.swift */,
				35046A042C3ED96600F3FB9A /* AppTitleLabel.swift */,
				35046A062C3ED9A300F3FB9A /* OnboardingButton.swift */,
				35046A082C3ED9B400F3FB9A /* NicknameTextField.swift */,
				35046A0A2C3ED9BF00F3FB9A /* LineView.swift */,
				35046A0C2C3ED9E900F3FB9A /* NicknameStatusLabel.swift */,
				35046A0E2C3EDA0400F3FB9A /* NavBackBtn.swift */,
				35046A102C3EDA3C00F3FB9A /* SearchBar.swift */,
				35046A122C3EDA7B00F3FB9A /* shoppingBagBtn.swift */,
			);
			path = CustomView;
			sourceTree = "<group>";
		};
		350469A82C3EC23F00F3FB9A /* Protocol */ = {
			isa = PBXGroup;
			children = (
				350469F42C3ED54300F3FB9A /* ReuseIdentifierProtocol.swift */,
				355E318D2C43B8C000EE503A /* ProfileNicknameCoordinator.swift */,
				355E31892C43A0CD00EE503A /* ProfileImageCoordinator.swift */,
				355E318B2C43A5BE00EE503A /* TabBarCoordinator.swift */,
			);
			path = Protocol;
			sourceTree = "<group>";
		};
		350469A92C3EC24800F3FB9A /* Extension */ = {
			isa = PBXGroup;
			children = (
				350469EE2C3ED4E600F3FB9A /* VC + Extension.swift */,
				350469F02C3ED4EE00F3FB9A /* String + Extension.swift */,
				350469F22C3ED4F900F3FB9A /* Button + Extension.swift */,
				35046A002C3ED63B00F3FB9A /* FileManager + Extension.swift */,
			);
			path = Extension;
			sourceTree = "<group>";
		};
		350469AA2C3ECD0300F3FB9A /* ShoppingBag */ = {
			isa = PBXGroup;
			children = (
				350469E22C3ED39400F3FB9A /* ShoppingBagMainVC.swift */,
				350469E42C3ED3A200F3FB9A /* ShoppingBagMainViewModel.swift */,
				350469E62C3ED3F800F3FB9A /* ShoppingBagMainCollectionViewCell.swift */,
			);
			path = ShoppingBag;
			sourceTree = "<group>";
		};
		350469AB2C3ECD3600F3FB9A /* Search */ = {
			isa = PBXGroup;
			children = (
				350469D22C3ED2C600F3FB9A /* SearchMainVC.swift */,
				350469D42C3ED2D000F3FB9A /* SearchMainViewModel.swift */,
				350469D62C3ED2E700F3FB9A /* SearchMainTableViewCell.swift */,
				350469D82C3ED30200F3FB9A /* SearchResultVC.swift */,
				350469DA2C3ED30C00F3FB9A /* SearchResultViewModel.swift */,
				350469DC2C3ED32A00F3FB9A /* SearchResultCollectionViewCell.swift */,
				350469DE2C3ED35400F3FB9A /* SearchItemDetailVC.swift */,
				350469E02C3ED35F00F3FB9A /* SearchItemDetailViewModel.swift */,
			);
			path = Search;
			sourceTree = "<group>";
		};
		350469AC2C3ECD4100F3FB9A /* Profile */ = {
			isa = PBXGroup;
			children = (
				3549257C2C42A5F60079974C /* View */,
				3549257B2C42A5D30079974C /* ViewModel */,
			);
			path = Profile;
			sourceTree = "<group>";
		};
		3549257B2C42A5D30079974C /* ViewModel */ = {
			isa = PBXGroup;
			children = (
				350469EA2C3ED4A800F3FB9A /* ProfileMainViewModel.swift */,
				350469BA2C3ECF1800F3FB9A /* ProfileNicknameViewModel.swift */,
				350469BC2C3ECF2C00F3FB9A /* ProfileImageViewModel.swift */,
			);
			path = ViewModel;
			sourceTree = "<group>";
		};
		3549257C2C42A5F60079974C /* View */ = {
			isa = PBXGroup;
			children = (
				350469E82C3ED49C00F3FB9A /* ProfileMainVC.swift */,
				350469EC2C3ED4BF00F3FB9A /* ProfileMainTableViewCell.swift */,
				350469B02C3ECE7700F3FB9A /* OnboardingVC.swift */,
				350469B22C3ECE9700F3FB9A /* ProfileNicknameVC.swift */,
				350469B42C3ECEB400F3FB9A /* ProfileImageVC.swift */,
				350469B62C3ECEE300F3FB9A /* ProfileImageCollectionViewCell.swift */,
			);
			path = View;
			sourceTree = "<group>";
		};
/* End PBXGroup section */

/* Begin PBXNativeTarget section */
		350469752C3EBFAF00F3FB9A /* ToBuyApp */ = {
			isa = PBXNativeTarget;
			buildConfigurationList = 3504698A2C3EBFB000F3FB9A /* Build configuration list for PBXNativeTarget "ToBuyApp" */;
			buildPhases = (
				350469722C3EBFAF00F3FB9A /* Sources */,
				350469732C3EBFAF00F3FB9A /* Frameworks */,
				350469742C3EBFAF00F3FB9A /* Resources */,
				350469A22C3EC16B00F3FB9A /* Embed Frameworks */,
			);
			buildRules = (
			);
			dependencies = (
			);
			name = ToBuyApp;
			packageProductDependencies = (
				3504698E2C3EC0E700F3FB9A /* RealmSwift */,
				350469912C3EC0F400F3FB9A /* Alamofire */,
				350469942C3EC0FE00F3FB9A /* FSCalendar */,
				350469972C3EC10500F3FB9A /* Toast */,
				3504699A2C3EC10D00F3FB9A /* SnapKit */,
				3504699F2C3EC11400F3FB9A /* IQKeyboardManagerSwift */,
			);
			productName = ToBuyApp;
			productReference = 350469762C3EBFAF00F3FB9A /* ToBuyApp.app */;
			productType = "com.apple.product-type.application";
		};
/* End PBXNativeTarget section */

/* Begin PBXProject section */
		3504696E2C3EBFAF00F3FB9A /* Project object */ = {
			isa = PBXProject;
			attributes = {
				BuildIndependentTargetsInParallel = 1;
				LastSwiftUpdateCheck = 1530;
				LastUpgradeCheck = 1530;
				TargetAttributes = {
					350469752C3EBFAF00F3FB9A = {
						CreatedOnToolsVersion = 15.3;
					};
				};
			};
			buildConfigurationList = 350469712C3EBFAF00F3FB9A /* Build configuration list for PBXProject "ToBuyApp" */;
			compatibilityVersion = "Xcode 14.0";
			developmentRegion = en;
			hasScannedForEncodings = 0;
			knownRegions = (
				en,
				Base,
			);
			mainGroup = 3504696D2C3EBFAF00F3FB9A;
			packageReferences = (
				3504698D2C3EC0E700F3FB9A /* XCRemoteSwiftPackageReference "realm-swift" */,
				350469902C3EC0F400F3FB9A /* XCRemoteSwiftPackageReference "Alamofire" */,
				350469932C3EC0FE00F3FB9A /* XCRemoteSwiftPackageReference "FSCalendar" */,
				350469962C3EC10500F3FB9A /* XCRemoteSwiftPackageReference "Toast-Swift" */,
				350469992C3EC10D00F3FB9A /* XCRemoteSwiftPackageReference "SnapKit" */,
				3504699E2C3EC11400F3FB9A /* XCRemoteSwiftPackageReference "IQKeyboardManager" */,
			);
			productRefGroup = 350469772C3EBFAF00F3FB9A /* Products */;
			projectDirPath = "";
			projectRoot = "";
			targets = (
				350469752C3EBFAF00F3FB9A /* ToBuyApp */,
			);
		};
/* End PBXProject section */

/* Begin PBXResourcesBuildPhase section */
		350469742C3EBFAF00F3FB9A /* Resources */ = {
			isa = PBXResourcesBuildPhase;
			buildActionMask = 2147483647;
			files = (
				350469832C3EBFB000F3FB9A /* Assets.xcassets in Resources */,
				350469C72C3ED07F00F3FB9A /* .gitignore in Resources */,
				350469862C3EBFB000F3FB9A /* Base in Resources */,
			);
			runOnlyForDeploymentPostprocessing = 0;
		};
/* End PBXResourcesBuildPhase section */

/* Begin PBXSourcesBuildPhase section */
		350469722C3EBFAF00F3FB9A /* Sources */ = {
			isa = PBXSourcesBuildPhase;
			buildActionMask = 2147483647;
			files = (
				355E318A2C43A0CD00EE503A /* ProfileImageCoordinator.swift in Sources */,
				350469CD2C3ED0EF00F3FB9A /* NaverShoppingManager.swift in Sources */,
				35046A092C3ED9B400F3FB9A /* NicknameTextField.swift in Sources */,
				350469F72C3ED59800F3FB9A /* Image + Enum.swift in Sources */,
				355E318C2C43A5BE00EE503A /* TabBarCoordinator.swift in Sources */,
				350469DF2C3ED35400F3FB9A /* SearchItemDetailVC.swift in Sources */,
				3504697E2C3EBFAF00F3FB9A /* ViewController.swift in Sources */,
				35046A132C3EDA7B00F3FB9A /* shoppingBagBtn.swift in Sources */,
				35046A0F2C3EDA0400F3FB9A /* NavBackBtn.swift in Sources */,
				350469D32C3ED2C600F3FB9A /* SearchMainVC.swift in Sources */,
				350469BF2C3ECF8200F3FB9A /* RealmModel.swift in Sources */,
				350469E52C3ED3A200F3FB9A /* ShoppingBagMainViewModel.swift in Sources */,
				350469FF2C3ED60600F3FB9A /* BaseTableViewCell.swift in Sources */,
				350469B32C3ECE9700F3FB9A /* ProfileNicknameVC.swift in Sources */,
				350469B72C3ECEE300F3FB9A /* ProfileImageCollectionViewCell.swift in Sources */,
				35046A112C3EDA3C00F3FB9A /* SearchBar.swift in Sources */,
				35046A012C3ED63B00F3FB9A /* FileManager + Extension.swift in Sources */,
				350469D52C3ED2D000F3FB9A /* SearchMainViewModel.swift in Sources */,
				350469DB2C3ED30C00F3FB9A /* SearchResultViewModel.swift in Sources */,
				350469E12C3ED35F00F3FB9A /* SearchItemDetailViewModel.swift in Sources */,
				3504697A2C3EBFAF00F3FB9A /* AppDelegate.swift in Sources */,
				350469F12C3ED4EE00F3FB9A /* String + Extension.swift in Sources */,
				35046A072C3ED9A300F3FB9A /* OnboardingButton.swift in Sources */,
				35046A0D2C3ED9E900F3FB9A /* NicknameStatusLabel.swift in Sources */,
				350469B12C3ECE7700F3FB9A /* OnboardingVC.swift in Sources */,
				350469E72C3ED3F800F3FB9A /* ShoppingBagMainCollectionViewCell.swift in Sources */,
				350469CF2C3ED1BA00F3FB9A /* NaverShoppingRequest.swift in Sources */,
				355E318E2C43B8C000EE503A /* ProfileNicknameCoordinator.swift in Sources */,
				350469BB2C3ECF1800F3FB9A /* ProfileNicknameViewModel.swift in Sources */,
				350215552C3FC33300D2FC74 /* Placeholder + Enum.swift in Sources */,
				350469D72C3ED2E700F3FB9A /* SearchMainTableViewCell.swift in Sources */,
				35046A052C3ED96600F3FB9A /* AppTitleLabel.swift in Sources */,
				350469CB2C3ED0DF00F3FB9A /* NaverShopping.swift in Sources */,
				3504697C2C3EBFAF00F3FB9A /* SceneDelegate.swift in Sources */,
				350469C92C3ED0A500F3FB9A /* APIKEY.swift in Sources */,
				350469ED2C3ED4BF00F3FB9A /* ProfileMainTableViewCell.swift in Sources */,
				350469C52C3ED03400F3FB9A /* ShoppingBagRepository.swift in Sources */,
				350469EB2C3ED4A800F3FB9A /* ProfileMainViewModel.swift in Sources */,
				350469D12C3ED20300F3FB9A /* NumberFormatterManager.swift in Sources */,
				35046A0B2C3ED9BF00F3FB9A /* LineView.swift in Sources */,
				350215572C3FD1E400D2FC74 /* UserDefaultsManager.swift in Sources */,
				350469FB2C3ED5E000F3FB9A /* BaseVC.swift in Sources */,
				350469FD2C3ED5FD00F3FB9A /* BaseCollectionViewCell.swift in Sources */,
				35046A152C3EDDC000F3FB9A /* Observable.swift in Sources */,
				350469BD2C3ECF2C00F3FB9A /* ProfileImageViewModel.swift in Sources */,
				350469DD2C3ED32A00F3FB9A /* SearchResultCollectionViewCell.swift in Sources */,
				350469F52C3ED54300F3FB9A /* ReuseIdentifierProtocol.swift in Sources */,
				350469F32C3ED4F900F3FB9A /* Button + Extension.swift in Sources */,
				350469F92C3ED5A500F3FB9A /* Design + Enum.swift in Sources */,
				350469E32C3ED39400F3FB9A /* ShoppingBagMainVC.swift in Sources */,
				350469D92C3ED30200F3FB9A /* SearchResultVC.swift in Sources */,
				350469EF2C3ED4E600F3FB9A /* VC + Extension.swift in Sources */,
				35046A172C3EE13C00F3FB9A /* TextFieldValidation + Enum.swift in Sources */,
				350469E92C3ED49C00F3FB9A /* ProfileMainVC.swift in Sources */,
				35046A032C3ED93100F3FB9A /* ProfileImageView.swift in Sources */,
				350469B52C3ECEB400F3FB9A /* ProfileImageVC.swift in Sources */,
				350469AF2C3ECE0100F3FB9A /* TapBarController.swift in Sources */,
			);
			runOnlyForDeploymentPostprocessing = 0;
		};
/* End PBXSourcesBuildPhase section */

/* Begin PBXVariantGroup section */
		350469842C3EBFB000F3FB9A /* LaunchScreen.storyboard */ = {
			isa = PBXVariantGroup;
			children = (
				350469852C3EBFB000F3FB9A /* Base */,
			);
			name = LaunchScreen.storyboard;
			sourceTree = "<group>";
		};
/* End PBXVariantGroup section */

/* Begin XCBuildConfiguration section */
		350469882C3EBFB000F3FB9A /* Debug */ = {
			isa = XCBuildConfiguration;
			buildSettings = {
				ALWAYS_SEARCH_USER_PATHS = NO;
				ASSETCATALOG_COMPILER_GENERATE_SWIFT_ASSET_SYMBOL_EXTENSIONS = YES;
				CLANG_ANALYZER_NONNULL = YES;
				CLANG_ANALYZER_NUMBER_OBJECT_CONVERSION = YES_AGGRESSIVE;
				CLANG_CXX_LANGUAGE_STANDARD = "gnu++20";
				CLANG_ENABLE_MODULES = YES;
				CLANG_ENABLE_OBJC_ARC = YES;
				CLANG_ENABLE_OBJC_WEAK = YES;
				CLANG_WARN_BLOCK_CAPTURE_AUTORELEASING = YES;
				CLANG_WARN_BOOL_CONVERSION = YES;
				CLANG_WARN_COMMA = YES;
				CLANG_WARN_CONSTANT_CONVERSION = YES;
				CLANG_WARN_DEPRECATED_OBJC_IMPLEMENTATIONS = YES;
				CLANG_WARN_DIRECT_OBJC_ISA_USAGE = YES_ERROR;
				CLANG_WARN_DOCUMENTATION_COMMENTS = YES;
				CLANG_WARN_EMPTY_BODY = YES;
				CLANG_WARN_ENUM_CONVERSION = YES;
				CLANG_WARN_INFINITE_RECURSION = YES;
				CLANG_WARN_INT_CONVERSION = YES;
				CLANG_WARN_NON_LITERAL_NULL_CONVERSION = YES;
				CLANG_WARN_OBJC_IMPLICIT_RETAIN_SELF = YES;
				CLANG_WARN_OBJC_LITERAL_CONVERSION = YES;
				CLANG_WARN_OBJC_ROOT_CLASS = YES_ERROR;
				CLANG_WARN_QUOTED_INCLUDE_IN_FRAMEWORK_HEADER = YES;
				CLANG_WARN_RANGE_LOOP_ANALYSIS = YES;
				CLANG_WARN_STRICT_PROTOTYPES = YES;
				CLANG_WARN_SUSPICIOUS_MOVE = YES;
				CLANG_WARN_UNGUARDED_AVAILABILITY = YES_AGGRESSIVE;
				CLANG_WARN_UNREACHABLE_CODE = YES;
				CLANG_WARN__DUPLICATE_METHOD_MATCH = YES;
				COPY_PHASE_STRIP = NO;
				DEBUG_INFORMATION_FORMAT = dwarf;
				ENABLE_STRICT_OBJC_MSGSEND = YES;
				ENABLE_TESTABILITY = YES;
				ENABLE_USER_SCRIPT_SANDBOXING = YES;
				GCC_C_LANGUAGE_STANDARD = gnu17;
				GCC_DYNAMIC_NO_PIC = NO;
				GCC_NO_COMMON_BLOCKS = YES;
				GCC_OPTIMIZATION_LEVEL = 0;
				GCC_PREPROCESSOR_DEFINITIONS = (
					"DEBUG=1",
					"$(inherited)",
				);
				GCC_WARN_64_TO_32_BIT_CONVERSION = YES;
				GCC_WARN_ABOUT_RETURN_TYPE = YES_ERROR;
				GCC_WARN_UNDECLARED_SELECTOR = YES;
				GCC_WARN_UNINITIALIZED_AUTOS = YES_AGGRESSIVE;
				GCC_WARN_UNUSED_FUNCTION = YES;
				GCC_WARN_UNUSED_VARIABLE = YES;
				IPHONEOS_DEPLOYMENT_TARGET = 17.4;
				LOCALIZATION_PREFERS_STRING_CATALOGS = YES;
				MTL_ENABLE_DEBUG_INFO = INCLUDE_SOURCE;
				MTL_FAST_MATH = YES;
				ONLY_ACTIVE_ARCH = YES;
				SDKROOT = iphoneos;
				SWIFT_ACTIVE_COMPILATION_CONDITIONS = "DEBUG $(inherited)";
				SWIFT_OPTIMIZATION_LEVEL = "-Onone";
			};
			name = Debug;
		};
		350469892C3EBFB000F3FB9A /* Release */ = {
			isa = XCBuildConfiguration;
			buildSettings = {
				ALWAYS_SEARCH_USER_PATHS = NO;
				ASSETCATALOG_COMPILER_GENERATE_SWIFT_ASSET_SYMBOL_EXTENSIONS = YES;
				CLANG_ANALYZER_NONNULL = YES;
				CLANG_ANALYZER_NUMBER_OBJECT_CONVERSION = YES_AGGRESSIVE;
				CLANG_CXX_LANGUAGE_STANDARD = "gnu++20";
				CLANG_ENABLE_MODULES = YES;
				CLANG_ENABLE_OBJC_ARC = YES;
				CLANG_ENABLE_OBJC_WEAK = YES;
				CLANG_WARN_BLOCK_CAPTURE_AUTORELEASING = YES;
				CLANG_WARN_BOOL_CONVERSION = YES;
				CLANG_WARN_COMMA = YES;
				CLANG_WARN_CONSTANT_CONVERSION = YES;
				CLANG_WARN_DEPRECATED_OBJC_IMPLEMENTATIONS = YES;
				CLANG_WARN_DIRECT_OBJC_ISA_USAGE = YES_ERROR;
				CLANG_WARN_DOCUMENTATION_COMMENTS = YES;
				CLANG_WARN_EMPTY_BODY = YES;
				CLANG_WARN_ENUM_CONVERSION = YES;
				CLANG_WARN_INFINITE_RECURSION = YES;
				CLANG_WARN_INT_CONVERSION = YES;
				CLANG_WARN_NON_LITERAL_NULL_CONVERSION = YES;
				CLANG_WARN_OBJC_IMPLICIT_RETAIN_SELF = YES;
				CLANG_WARN_OBJC_LITERAL_CONVERSION = YES;
				CLANG_WARN_OBJC_ROOT_CLASS = YES_ERROR;
				CLANG_WARN_QUOTED_INCLUDE_IN_FRAMEWORK_HEADER = YES;
				CLANG_WARN_RANGE_LOOP_ANALYSIS = YES;
				CLANG_WARN_STRICT_PROTOTYPES = YES;
				CLANG_WARN_SUSPICIOUS_MOVE = YES;
				CLANG_WARN_UNGUARDED_AVAILABILITY = YES_AGGRESSIVE;
				CLANG_WARN_UNREACHABLE_CODE = YES;
				CLANG_WARN__DUPLICATE_METHOD_MATCH = YES;
				COPY_PHASE_STRIP = NO;
				DEBUG_INFORMATION_FORMAT = "dwarf-with-dsym";
				ENABLE_NS_ASSERTIONS = NO;
				ENABLE_STRICT_OBJC_MSGSEND = YES;
				ENABLE_USER_SCRIPT_SANDBOXING = YES;
				GCC_C_LANGUAGE_STANDARD = gnu17;
				GCC_NO_COMMON_BLOCKS = YES;
				GCC_WARN_64_TO_32_BIT_CONVERSION = YES;
				GCC_WARN_ABOUT_RETURN_TYPE = YES_ERROR;
				GCC_WARN_UNDECLARED_SELECTOR = YES;
				GCC_WARN_UNINITIALIZED_AUTOS = YES_AGGRESSIVE;
				GCC_WARN_UNUSED_FUNCTION = YES;
				GCC_WARN_UNUSED_VARIABLE = YES;
				IPHONEOS_DEPLOYMENT_TARGET = 17.4;
				LOCALIZATION_PREFERS_STRING_CATALOGS = YES;
				MTL_ENABLE_DEBUG_INFO = NO;
				MTL_FAST_MATH = YES;
				SDKROOT = iphoneos;
				SWIFT_COMPILATION_MODE = wholemodule;
				VALIDATE_PRODUCT = YES;
			};
			name = Release;
		};
		3504698B2C3EBFB000F3FB9A /* Debug */ = {
			isa = XCBuildConfiguration;
			buildSettings = {
				ASSETCATALOG_COMPILER_APPICON_NAME = AppIcon;
				ASSETCATALOG_COMPILER_GLOBAL_ACCENT_COLOR_NAME = AccentColor;
				CODE_SIGN_STYLE = Automatic;
				CURRENT_PROJECT_VERSION = 1;
				DEVELOPMENT_TEAM = F3724U2GB3;
				GENERATE_INFOPLIST_FILE = YES;
				INFOPLIST_FILE = ToBuyApp/Info.plist;
				INFOPLIST_KEY_CFBundleDisplayName = ToBuy;
				INFOPLIST_KEY_UIApplicationSupportsIndirectInputEvents = YES;
				INFOPLIST_KEY_UILaunchStoryboardName = LaunchScreen;
				INFOPLIST_KEY_UISupportedInterfaceOrientations = UIInterfaceOrientationPortrait;
				INFOPLIST_KEY_UISupportedInterfaceOrientations_iPad = UIInterfaceOrientationPortrait;
				IPHONEOS_DEPLOYMENT_TARGET = 16.0;
				LD_RUNPATH_SEARCH_PATHS = (
					"$(inherited)",
					"@executable_path/Frameworks",
				);
				MARKETING_VERSION = 1.0;
				PRODUCT_BUNDLE_IDENTIFIER = joy.ToBuyApp;
				PRODUCT_NAME = "$(TARGET_NAME)";
				SUPPORTED_PLATFORMS = "iphoneos iphonesimulator";
				SUPPORTS_MACCATALYST = NO;
				SUPPORTS_MAC_DESIGNED_FOR_IPHONE_IPAD = NO;
				SUPPORTS_XR_DESIGNED_FOR_IPHONE_IPAD = NO;
				SWIFT_EMIT_LOC_STRINGS = YES;
				SWIFT_VERSION = 5.0;
				TARGETED_DEVICE_FAMILY = 1;
			};
			name = Debug;
		};
		3504698C2C3EBFB000F3FB9A /* Release */ = {
			isa = XCBuildConfiguration;
			buildSettings = {
				ASSETCATALOG_COMPILER_APPICON_NAME = AppIcon;
				ASSETCATALOG_COMPILER_GLOBAL_ACCENT_COLOR_NAME = AccentColor;
				CODE_SIGN_STYLE = Automatic;
				CURRENT_PROJECT_VERSION = 1;
				DEVELOPMENT_TEAM = F3724U2GB3;
				GENERATE_INFOPLIST_FILE = YES;
				INFOPLIST_FILE = ToBuyApp/Info.plist;
				INFOPLIST_KEY_CFBundleDisplayName = ToBuy;
				INFOPLIST_KEY_UIApplicationSupportsIndirectInputEvents = YES;
				INFOPLIST_KEY_UILaunchStoryboardName = LaunchScreen;
				INFOPLIST_KEY_UISupportedInterfaceOrientations = UIInterfaceOrientationPortrait;
				INFOPLIST_KEY_UISupportedInterfaceOrientations_iPad = UIInterfaceOrientationPortrait;
				IPHONEOS_DEPLOYMENT_TARGET = 16.0;
				LD_RUNPATH_SEARCH_PATHS = (
					"$(inherited)",
					"@executable_path/Frameworks",
				);
				MARKETING_VERSION = 1.0;
				PRODUCT_BUNDLE_IDENTIFIER = joy.ToBuyApp;
				PRODUCT_NAME = "$(TARGET_NAME)";
				SUPPORTED_PLATFORMS = "iphoneos iphonesimulator";
				SUPPORTS_MACCATALYST = NO;
				SUPPORTS_MAC_DESIGNED_FOR_IPHONE_IPAD = NO;
				SUPPORTS_XR_DESIGNED_FOR_IPHONE_IPAD = NO;
				SWIFT_EMIT_LOC_STRINGS = YES;
				SWIFT_VERSION = 5.0;
				TARGETED_DEVICE_FAMILY = 1;
			};
			name = Release;
		};
/* End XCBuildConfiguration section */

/* Begin XCConfigurationList section */
		350469712C3EBFAF00F3FB9A /* Build configuration list for PBXProject "ToBuyApp" */ = {
			isa = XCConfigurationList;
			buildConfigurations = (
				350469882C3EBFB000F3FB9A /* Debug */,
				350469892C3EBFB000F3FB9A /* Release */,
			);
			defaultConfigurationIsVisible = 0;
			defaultConfigurationName = Release;
		};
		3504698A2C3EBFB000F3FB9A /* Build configuration list for PBXNativeTarget "ToBuyApp" */ = {
			isa = XCConfigurationList;
			buildConfigurations = (
				3504698B2C3EBFB000F3FB9A /* Debug */,
				3504698C2C3EBFB000F3FB9A /* Release */,
			);
			defaultConfigurationIsVisible = 0;
			defaultConfigurationName = Release;
		};
/* End XCConfigurationList section */

/* Begin XCRemoteSwiftPackageReference section */
		3504698D2C3EC0E700F3FB9A /* XCRemoteSwiftPackageReference "realm-swift" */ = {
			isa = XCRemoteSwiftPackageReference;
			repositoryURL = "https://github.com/realm/realm-swift.git";
			requirement = {
				kind = exactVersion;
				version = 10.52.1;
			};
		};
		350469902C3EC0F400F3FB9A /* XCRemoteSwiftPackageReference "Alamofire" */ = {
			isa = XCRemoteSwiftPackageReference;
			repositoryURL = "https://github.com/Alamofire/Alamofire.git";
			requirement = {
				kind = upToNextMajorVersion;
				minimumVersion = 5.9.1;
			};
		};
		350469932C3EC0FE00F3FB9A /* XCRemoteSwiftPackageReference "FSCalendar" */ = {
			isa = XCRemoteSwiftPackageReference;
			repositoryURL = "https://github.com/WenchaoD/FSCalendar.git";
			requirement = {
				kind = upToNextMajorVersion;
				minimumVersion = 2.8.4;
			};
		};
		350469962C3EC10500F3FB9A /* XCRemoteSwiftPackageReference "Toast-Swift" */ = {
			isa = XCRemoteSwiftPackageReference;
			repositoryURL = "https://github.com/scalessec/Toast-Swift.git";
			requirement = {
				kind = upToNextMajorVersion;
				minimumVersion = 5.1.1;
			};
		};
		350469992C3EC10D00F3FB9A /* XCRemoteSwiftPackageReference "SnapKit" */ = {
			isa = XCRemoteSwiftPackageReference;
			repositoryURL = "https://github.com/SnapKit/SnapKit.git";
			requirement = {
				kind = upToNextMajorVersion;
				minimumVersion = 5.7.1;
			};
		};
		3504699E2C3EC11400F3FB9A /* XCRemoteSwiftPackageReference "IQKeyboardManager" */ = {
			isa = XCRemoteSwiftPackageReference;
			repositoryURL = "https://github.com/hackiftekhar/IQKeyboardManager.git";
			requirement = {
				kind = upToNextMajorVersion;
				minimumVersion = 7.0.3;
			};
		};
/* End XCRemoteSwiftPackageReference section */

/* Begin XCSwiftPackageProductDependency section */
		3504698E2C3EC0E700F3FB9A /* RealmSwift */ = {
			isa = XCSwiftPackageProductDependency;
			package = 3504698D2C3EC0E700F3FB9A /* XCRemoteSwiftPackageReference "realm-swift" */;
			productName = RealmSwift;
		};
		350469912C3EC0F400F3FB9A /* Alamofire */ = {
			isa = XCSwiftPackageProductDependency;
			package = 350469902C3EC0F400F3FB9A /* XCRemoteSwiftPackageReference "Alamofire" */;
			productName = Alamofire;
		};
		350469942C3EC0FE00F3FB9A /* FSCalendar */ = {
			isa = XCSwiftPackageProductDependency;
			package = 350469932C3EC0FE00F3FB9A /* XCRemoteSwiftPackageReference "FSCalendar" */;
			productName = FSCalendar;
		};
		350469972C3EC10500F3FB9A /* Toast */ = {
			isa = XCSwiftPackageProductDependency;
			package = 350469962C3EC10500F3FB9A /* XCRemoteSwiftPackageReference "Toast-Swift" */;
			productName = Toast;
		};
		3504699A2C3EC10D00F3FB9A /* SnapKit */ = {
			isa = XCSwiftPackageProductDependency;
			package = 350469992C3EC10D00F3FB9A /* XCRemoteSwiftPackageReference "SnapKit" */;
			productName = SnapKit;
		};
		3504699F2C3EC11400F3FB9A /* IQKeyboardManagerSwift */ = {
			isa = XCSwiftPackageProductDependency;
			package = 3504699E2C3EC11400F3FB9A /* XCRemoteSwiftPackageReference "IQKeyboardManager" */;
			productName = IQKeyboardManagerSwift;
		};
/* End XCSwiftPackageProductDependency section */
	};
	rootObject = 3504696E2C3EBFAF00F3FB9A /* Project object */;
}
